
Microsoft Visual Studio Solution File, Format Version 12.00
# Visual Studio 2012
Project("{FAE04EC0-301F-11D3-BF4B-00C04F79EFBC}") = "xamarin.ios.resolver", "xamarin.ios.resolver\xamarin.ios.resolver.csproj", "{73866633-4325-472C-8843-83D63646BFD2}"
EndProject
Project("{FAE04EC0-301F-11D3-BF4B-00C04F79EFBC}") = "xamarin.mac.resolver", "xamarin.mac.resolver\xamarin.mac.resolver.csproj", "{24F1B1A2-FC6C-43BD-857A-B30F0FA5E9F3}"
EndProject
Global
	GlobalSection(SolutionConfigurationPlatforms) = preSolution
		Debug|x86 = Debug|x86
		Release|x86 = Release|x86
	EndGlobalSection
	GlobalSection(ProjectConfigurationPlatforms) = postSolution
		{24F1B1A2-FC6C-43BD-857A-B30F0FA5E9F3}.Debug|x86.ActiveCfg = Debug|x86
		{24F1B1A2-FC6C-43BD-857A-B30F0FA5E9F3}.Debug|x86.Build.0 = Debug|x86
		{24F1B1A2-FC6C-43BD-857A-B30F0FA5E9F3}.Release|x86.ActiveCfg = Release|x86
		{24F1B1A2-FC6C-43BD-857A-B30F0FA5E9F3}.Release|x86.Build.0 = Release|x86
		{73866633-4325-472C-8843-83D63646BFD2}.Debug|x86.ActiveCfg = Debug|x86
		{73866633-4325-472C-8843-83D63646BFD2}.Debug|x86.Build.0 = Debug|x86
		{73866633-4325-472C-8843-83D63646BFD2}.Release|x86.ActiveCfg = Release|x86
		{73866633-4325-472C-8843-83D63646BFD2}.Release|x86.Build.0 = Release|x86
	EndGlobalSection
	GlobalSection(MonoDevelopProperties) = preSolution
		StartupItem = xamarin.ios.resolver\xamarin.ios.resolver.csproj
	EndGlobalSection
EndGlobal
